
Microsoft Visual Studio Solution File, Format Version 12.00
# Visual Studio Version 17
VisualStudioVersion = 17.14.36221.1
MinimumVisualStudioVersion = 10.0.40219.1
Project("{FAE04EC0-301F-11D3-BF4B-00C04F79EFBC}") = "Episode001", "Episode001\Episode001.csproj", "{A83A4092-34AB-4E0A-B0FA-629ED8C75A4C}"
EndProject
Project("{FAE04EC0-301F-11D3-BF4B-00C04F79EFBC}") = "HomeWork001_Matrix", "HomeWork001_Matrix\HomeWork001_Matrix.csproj", "{B5075FDE-DE4A-490C-82E7-63E55D24DAC9}"
EndProject
Global
	GlobalSection(SolutionConfigurationPlatforms) = preSolution
		Debug|Any CPU = Debug|Any CPU
		Release|Any CPU = Release|Any CPU
	EndGlobalSection
	GlobalSection(ProjectConfigurationPlatforms) = postSolution
		{A83A4092-34AB-4E0A-B0FA-629ED8C75A4C}.Debug|Any CPU.ActiveCfg = Debug|Any CPU
		{A83A4092-34AB-4E0A-B0FA-629ED8C75A4C}.Debug|Any CPU.Build.0 = Debug|Any CPU
		{A83A4092-34AB-4E0A-B0FA-629ED8C75A4C}.Release|Any CPU.ActiveCfg = Release|Any CPU
		{A83A4092-34AB-4E0A-B0FA-629ED8C75A4C}.Release|Any CPU.Build.0 = Release|Any CPU
		{B5075FDE-DE4A-490C-82E7-63E55D24DAC9}.Debug|Any CPU.ActiveCfg = Debug|Any CPU
		{B5075FDE-DE4A-490C-82E7-63E55D24DAC9}.Debug|Any CPU.Build.0 = Debug|Any CPU
		{B5075FDE-DE4A-490C-82E7-63E55D24DAC9}.Release|Any CPU.ActiveCfg = Release|Any CPU
		{B5075FDE-DE4A-490C-82E7-63E55D24DAC9}.Release|Any CPU.Build.0 = Release|Any CPU
	EndGlobalSection
	GlobalSection(SolutionProperties) = preSolution
		HideSolutionNode = FALSE
	EndGlobalSection
	GlobalSection(ExtensibilityGlobals) = postSolution
		SolutionGuid = {2C02987A-40D2-498A-BDBE-E6E023022650}
	EndGlobalSection
EndGlobal
